// !$*UTF8*$!
{
	archiveVersion = 1;
	classes = {
	};
	objectVersion = 51;
	objects = {

/* Begin PBXBuildFile section */
		3A252D94F32E1E9439FA9ACD /* Pods_NewProject.framework in Frameworks */ = {isa = PBXBuildFile; fileRef = AF8CED7F67BCC15E930810F5 /* Pods_NewProject.framework */; };
		9363130B23F93DA3004769EF /* AppDelegate.swift in Sources */ = {isa = PBXBuildFile; fileRef = 9363130A23F93DA3004769EF /* AppDelegate.swift */; };
		9363130D23F93DA3004769EF /* SceneDelegate.swift in Sources */ = {isa = PBXBuildFile; fileRef = 9363130C23F93DA3004769EF /* SceneDelegate.swift */; };
		9363130F23F93DA3004769EF /* MyViewController.swift in Sources */ = {isa = PBXBuildFile; fileRef = 9363130E23F93DA3004769EF /* MyViewController.swift */; };
		9363131223F93DA3004769EF /* Main.storyboard in Resources */ = {isa = PBXBuildFile; fileRef = 9363131023F93DA3004769EF /* Main.storyboard */; };
		9363131423F93DA5004769EF /* Assets.xcassets in Resources */ = {isa = PBXBuildFile; fileRef = 9363131323F93DA5004769EF /* Assets.xcassets */; };
		9363131723F93DA5004769EF /* LaunchScreen.storyboard in Resources */ = {isa = PBXBuildFile; fileRef = 9363131523F93DA5004769EF /* LaunchScreen.storyboard */; };
		9363131F23F94856004769EF /* WelcomeViewController.swift in Sources */ = {isa = PBXBuildFile; fileRef = 9363131E23F94856004769EF /* WelcomeViewController.swift */; };
		9363132123F94AAB004769EF /* ProfileViewController.swift in Sources */ = {isa = PBXBuildFile; fileRef = 9363132023F94AAB004769EF /* ProfileViewController.swift */; };
		9363132323F97EA0004769EF /* ClassViewController.swift in Sources */ = {isa = PBXBuildFile; fileRef = 9363132223F97EA0004769EF /* ClassViewController.swift */; };
		9363132523FACF74004769EF /* Student.swift in Sources */ = {isa = PBXBuildFile; fileRef = 9363132423FACF74004769EF /* Student.swift */; };
		93C8565F2427D8D400F928D4 /* CollectionViewController.swift in Sources */ = {isa = PBXBuildFile; fileRef = 93C8565E2427D8D400F928D4 /* CollectionViewController.swift */; };
		93C856612427D9C800F928D4 /* CollectionViewCell.swift in Sources */ = {isa = PBXBuildFile; fileRef = 93C856602427D9C800F928D4 /* CollectionViewCell.swift */; };
		93C85665242DC9EC00F928D4 /* StudentsDataSource.swift in Sources */ = {isa = PBXBuildFile; fileRef = 93C85664242DC9EC00F928D4 /* StudentsDataSource.swift */; };
		93D0AC6323FC4CAC007751FC /* Names.txt in Resources */ = {isa = PBXBuildFile; fileRef = 93D0AC6223FC4CAC007751FC /* Names.txt */; };
		93D0AC6523FC59B2007751FC /* CodeTableViewCell.swift in Sources */ = {isa = PBXBuildFile; fileRef = 93D0AC6423FC59B2007751FC /* CodeTableViewCell.swift */; };
		93D0AC6823FC5C9D007751FC /* XibTableViewCell.swift in Sources */ = {isa = PBXBuildFile; fileRef = 93D0AC6623FC5C9D007751FC /* XibTableViewCell.swift */; };
		93D0AC6923FC5C9D007751FC /* XibTableViewCell.xib in Resources */ = {isa = PBXBuildFile; fileRef = 93D0AC6723FC5C9D007751FC /* XibTableViewCell.xib */; };
		93DED7E5240140F600C0F456 /* Storage.swift in Sources */ = {isa = PBXBuildFile; fileRef = 93DED7E4240140F600C0F456 /* Storage.swift */; };
		93EE16BD23FEFFEE00C96D76 /* Validator.swift in Sources */ = {isa = PBXBuildFile; fileRef = 93EE16BC23FEFFEE00C96D76 /* Validator.swift */; };
		93EE16BF23FF4FDF00C96D76 /* ProfileManager.swift in Sources */ = {isa = PBXBuildFile; fileRef = 93EE16BE23FF4FDF00C96D76 /* ProfileManager.swift */; };
		93EEBAAE241A9E1500D2829D /* ProfileViewControllerSecond.swift in Sources */ = {isa = PBXBuildFile; fileRef = 93EEBAAD241A9E1500D2829D /* ProfileViewControllerSecond.swift */; };
		93EEBAB0241A9E3200D2829D /* ProfileViewControllerThird.swift in Sources */ = {isa = PBXBuildFile; fileRef = 93EEBAAF241A9E3200D2829D /* ProfileViewControllerThird.swift */; };
/* End PBXBuildFile section */

/* Begin PBXFileReference section */
		4BB075711437147E3832B0E2 /* Pods-NewProject.release.xcconfig */ = {isa = PBXFileReference; includeInIndex = 1; lastKnownFileType = text.xcconfig; name = "Pods-NewProject.release.xcconfig"; path = "Target Support Files/Pods-NewProject/Pods-NewProject.release.xcconfig"; sourceTree = "<group>"; };
		60CB1194531C671D36260A4E /* Pods-NewProject.debug.xcconfig */ = {isa = PBXFileReference; includeInIndex = 1; lastKnownFileType = text.xcconfig; name = "Pods-NewProject.debug.xcconfig"; path = "Target Support Files/Pods-NewProject/Pods-NewProject.debug.xcconfig"; sourceTree = "<group>"; };
		9363130723F93DA3004769EF /* NewProject.app */ = {isa = PBXFileReference; explicitFileType = wrapper.application; includeInIndex = 0; path = NewProject.app; sourceTree = BUILT_PRODUCTS_DIR; };
		9363130A23F93DA3004769EF /* AppDelegate.swift */ = {isa = PBXFileReference; lastKnownFileType = sourcecode.swift; path = AppDelegate.swift; sourceTree = "<group>"; };
		9363130C23F93DA3004769EF /* SceneDelegate.swift */ = {isa = PBXFileReference; lastKnownFileType = sourcecode.swift; path = SceneDelegate.swift; sourceTree = "<group>"; };
		9363130E23F93DA3004769EF /* MyViewController.swift */ = {isa = PBXFileReference; lastKnownFileType = sourcecode.swift; path = MyViewController.swift; sourceTree = "<group>"; };
		9363131123F93DA3004769EF /* Base */ = {isa = PBXFileReference; lastKnownFileType = file.storyboard; name = Base; path = Base.lproj/Main.storyboard; sourceTree = "<group>"; };
		9363131323F93DA5004769EF /* Assets.xcassets */ = {isa = PBXFileReference; lastKnownFileType = folder.assetcatalog; path = Assets.xcassets; sourceTree = "<group>"; };
		9363131623F93DA5004769EF /* Base */ = {isa = PBXFileReference; lastKnownFileType = file.storyboard; name = Base; path = Base.lproj/LaunchScreen.storyboard; sourceTree = "<group>"; };
		9363131823F93DA5004769EF /* Info.plist */ = {isa = PBXFileReference; lastKnownFileType = text.plist.xml; path = Info.plist; sourceTree = "<group>"; };
		9363131E23F94856004769EF /* WelcomeViewController.swift */ = {isa = PBXFileReference; lastKnownFileType = sourcecode.swift; path = WelcomeViewController.swift; sourceTree = "<group>"; };
		9363132023F94AAB004769EF /* ProfileViewController.swift */ = {isa = PBXFileReference; lastKnownFileType = sourcecode.swift; path = ProfileViewController.swift; sourceTree = "<group>"; };
		9363132223F97EA0004769EF /* ClassViewController.swift */ = {isa = PBXFileReference; lastKnownFileType = sourcecode.swift; path = ClassViewController.swift; sourceTree = "<group>"; };
		9363132423FACF74004769EF /* Student.swift */ = {isa = PBXFileReference; lastKnownFileType = sourcecode.swift; path = Student.swift; sourceTree = "<group>"; };
		93C8565E2427D8D400F928D4 /* CollectionViewController.swift */ = {isa = PBXFileReference; lastKnownFileType = sourcecode.swift; path = CollectionViewController.swift; sourceTree = "<group>"; };
		93C856602427D9C800F928D4 /* CollectionViewCell.swift */ = {isa = PBXFileReference; lastKnownFileType = sourcecode.swift; path = CollectionViewCell.swift; sourceTree = "<group>"; };
		93C85664242DC9EC00F928D4 /* StudentsDataSource.swift */ = {isa = PBXFileReference; lastKnownFileType = sourcecode.swift; path = StudentsDataSource.swift; sourceTree = "<group>"; };
		93D0AC6223FC4CAC007751FC /* Names.txt */ = {isa = PBXFileReference; fileEncoding = 4; lastKnownFileType = text; path = Names.txt; sourceTree = "<group>"; };
		93D0AC6423FC59B2007751FC /* CodeTableViewCell.swift */ = {isa = PBXFileReference; lastKnownFileType = sourcecode.swift; path = CodeTableViewCell.swift; sourceTree = "<group>"; };
		93D0AC6623FC5C9D007751FC /* XibTableViewCell.swift */ = {isa = PBXFileReference; lastKnownFileType = sourcecode.swift; path = XibTableViewCell.swift; sourceTree = "<group>"; };
		93D0AC6723FC5C9D007751FC /* XibTableViewCell.xib */ = {isa = PBXFileReference; lastKnownFileType = file.xib; path = XibTableViewCell.xib; sourceTree = "<group>"; };
		93DED7E4240140F600C0F456 /* Storage.swift */ = {isa = PBXFileReference; lastKnownFileType = sourcecode.swift; path = Storage.swift; sourceTree = "<group>"; };
		93EE16BC23FEFFEE00C96D76 /* Validator.swift */ = {isa = PBXFileReference; lastKnownFileType = sourcecode.swift; path = Validator.swift; sourceTree = "<group>"; };
		93EE16BE23FF4FDF00C96D76 /* ProfileManager.swift */ = {isa = PBXFileReference; lastKnownFileType = sourcecode.swift; path = ProfileManager.swift; sourceTree = "<group>"; };
		93EEBAAD241A9E1500D2829D /* ProfileViewControllerSecond.swift */ = {isa = PBXFileReference; lastKnownFileType = sourcecode.swift; path = ProfileViewControllerSecond.swift; sourceTree = "<group>"; };
		93EEBAAF241A9E3200D2829D /* ProfileViewControllerThird.swift */ = {isa = PBXFileReference; lastKnownFileType = sourcecode.swift; path = ProfileViewControllerThird.swift; sourceTree = "<group>"; };
		AF8CED7F67BCC15E930810F5 /* Pods_NewProject.framework */ = {isa = PBXFileReference; explicitFileType = wrapper.framework; includeInIndex = 0; path = Pods_NewProject.framework; sourceTree = BUILT_PRODUCTS_DIR; };
/* End PBXFileReference section */

/* Begin PBXFrameworksBuildPhase section */
		9363130423F93DA3004769EF /* Frameworks */ = {
			isa = PBXFrameworksBuildPhase;
			buildActionMask = 2147483647;
			files = (
				3A252D94F32E1E9439FA9ACD /* Pods_NewProject.framework in Frameworks */,
			);
			runOnlyForDeploymentPostprocessing = 0;
		};
/* End PBXFrameworksBuildPhase section */

/* Begin PBXGroup section */
		8FBEB356EC5FF8F8C5F9BDB4 /* Frameworks */ = {
			isa = PBXGroup;
			children = (
				AF8CED7F67BCC15E930810F5 /* Pods_NewProject.framework */,
			);
			name = Frameworks;
			sourceTree = "<group>";
		};
		936312FE23F93DA2004769EF = {
			isa = PBXGroup;
			children = (
				9363130923F93DA3004769EF /* NewProject */,
				955D0975B9735771A3455F29 /* Pods */,
				8FBEB356EC5FF8F8C5F9BDB4 /* Frameworks */,
			);
			sourceTree = "<group>";
		};
		9363130823F93DA3004769EF /* Products */ = {
			isa = PBXGroup;
			children = (
				9363130723F93DA3004769EF /* NewProject.app */,
			);
			name = Products;
			path = ../..;
			sourceTree = "<group>";
		};
		9363130923F93DA3004769EF /* NewProject */ = {
			isa = PBXGroup;
			children = (
				9363131023F93DA3004769EF /* Main.storyboard */,
				93C8564D24262B6C00F928D4 /* SistemFiles */,
				93C8564E24262BB000F928D4 /* ViewControllers */,
				93C8564F24262BEC00F928D4 /* DataBase */,
				9363131823F93DA5004769EF /* Info.plist */,
				9363131523F93DA5004769EF /* LaunchScreen.storyboard */,
			);
			path = NewProject;
			sourceTree = "<group>";
		};
		93C8564D24262B6C00F928D4 /* SistemFiles */ = {
			isa = PBXGroup;
			children = (
				9363130C23F93DA3004769EF /* SceneDelegate.swift */,
				9363130A23F93DA3004769EF /* AppDelegate.swift */,
				9363130823F93DA3004769EF /* Products */,
			);
			path = SistemFiles;
			sourceTree = "<group>";
		};
		93C8564E24262BB000F928D4 /* ViewControllers */ = {
			isa = PBXGroup;
			children = (
				93C856602427D9C800F928D4 /* CollectionViewCell.swift */,
				93C8565E2427D8D400F928D4 /* CollectionViewController.swift */,
				9363130E23F93DA3004769EF /* MyViewController.swift */,
				9363131E23F94856004769EF /* WelcomeViewController.swift */,
				9363132023F94AAB004769EF /* ProfileViewController.swift */,
				93EEBAAD241A9E1500D2829D /* ProfileViewControllerSecond.swift */,
				93EEBAAF241A9E3200D2829D /* ProfileViewControllerThird.swift */,
				9363132223F97EA0004769EF /* ClassViewController.swift */,
				93D0AC6423FC59B2007751FC /* CodeTableViewCell.swift */,
				93D0AC6623FC5C9D007751FC /* XibTableViewCell.swift */,
				93D0AC6723FC5C9D007751FC /* XibTableViewCell.xib */,
			);
			path = ViewControllers;
			sourceTree = "<group>";
		};
		93C8564F24262BEC00F928D4 /* DataBase */ = {
			isa = PBXGroup;
			children = (
				9363131323F93DA5004769EF /* Assets.xcassets */,
				93D0AC6223FC4CAC007751FC /* Names.txt */,
				9363132423FACF74004769EF /* Student.swift */,
				93EE16BC23FEFFEE00C96D76 /* Validator.swift */,
				93DED7E4240140F600C0F456 /* Storage.swift */,
				93EE16BE23FF4FDF00C96D76 /* ProfileManager.swift */,
				93C85664242DC9EC00F928D4 /* StudentsDataSource.swift */,
			);
			path = DataBase;
			sourceTree = "<group>";
		};
		955D0975B9735771A3455F29 /* Pods */ = {
			isa = PBXGroup;
			children = (
				60CB1194531C671D36260A4E /* Pods-NewProject.debug.xcconfig */,
				4BB075711437147E3832B0E2 /* Pods-NewProject.release.xcconfig */,
			);
			path = Pods;
			sourceTree = "<group>";
		};
/* End PBXGroup section */

/* Begin PBXNativeTarget section */
		9363130623F93DA3004769EF /* NewProject */ = {
			isa = PBXNativeTarget;
			buildConfigurationList = 9363131B23F93DA5004769EF /* Build configuration list for PBXNativeTarget "NewProject" */;
			buildPhases = (
				9363B8962417FE9800267DE5 /* ShellScript */,
				81A100C498115B780AA517DD /* [CP] Check Pods Manifest.lock */,
				9363130323F93DA3004769EF /* Sources */,
				9363130423F93DA3004769EF /* Frameworks */,
				9363130523F93DA3004769EF /* Resources */,
				A6481BDD9026D3E56ADFA888 /* [CP] Embed Pods Frameworks */,
			);
			buildRules = (
			);
			dependencies = (
			);
			name = NewProject;
			productName = NewProject;
			productReference = 9363130723F93DA3004769EF /* NewProject.app */;
			productType = "com.apple.product-type.application";
		};
/* End PBXNativeTarget section */

/* Begin PBXProject section */
		936312FF23F93DA2004769EF /* Project object */ = {
			isa = PBXProject;
			attributes = {
				LastSwiftUpdateCheck = 1130;
				LastUpgradeCheck = 1130;
				ORGANIZATIONNAME = UjiN;
				TargetAttributes = {
					9363130623F93DA3004769EF = {
						CreatedOnToolsVersion = 11.3.1;
					};
				};
			};
			buildConfigurationList = 9363130223F93DA2004769EF /* Build configuration list for PBXProject "NewProject" */;
			compatibilityVersion = "Xcode 9.3";
			developmentRegion = en;
			hasScannedForEncodings = 0;
			knownRegions = (
				en,
				Base,
			);
			mainGroup = 936312FE23F93DA2004769EF;
			productRefGroup = 9363130823F93DA3004769EF /* Products */;
			projectDirPath = "";
			projectRoot = "";
			targets = (
				9363130623F93DA3004769EF /* NewProject */,
			);
		};
/* End PBXProject section */

/* Begin PBXResourcesBuildPhase section */
		9363130523F93DA3004769EF /* Resources */ = {
			isa = PBXResourcesBuildPhase;
			buildActionMask = 2147483647;
			files = (
				9363131723F93DA5004769EF /* LaunchScreen.storyboard in Resources */,
				93D0AC6923FC5C9D007751FC /* XibTableViewCell.xib in Resources */,
				9363131423F93DA5004769EF /* Assets.xcassets in Resources */,
				9363131223F93DA3004769EF /* Main.storyboard in Resources */,
				93D0AC6323FC4CAC007751FC /* Names.txt in Resources */,
			);
			runOnlyForDeploymentPostprocessing = 0;
		};
/* End PBXResourcesBuildPhase section */

/* Begin PBXShellScriptBuildPhase section */
		81A100C498115B780AA517DD /* [CP] Check Pods Manifest.lock */ = {
			isa = PBXShellScriptBuildPhase;
			buildActionMask = 2147483647;
			files = (
			);
			inputFileListPaths = (
			);
			inputPaths = (
				"${PODS_PODFILE_DIR_PATH}/Podfile.lock",
				"${PODS_ROOT}/Manifest.lock",
			);
			name = "[CP] Check Pods Manifest.lock";
			outputFileListPaths = (
			);
			outputPaths = (
				"$(DERIVED_FILE_DIR)/Pods-NewProject-checkManifestLockResult.txt",
			);
			runOnlyForDeploymentPostprocessing = 0;
			shellPath = /bin/sh;
			shellScript = "diff \"${PODS_PODFILE_DIR_PATH}/Podfile.lock\" \"${PODS_ROOT}/Manifest.lock\" > /dev/null\nif [ $? != 0 ] ; then\n    # print error to STDERR\n    echo \"error: The sandbox is not in sync with the Podfile.lock. Run 'pod install' or update your CocoaPods installation.\" >&2\n    exit 1\nfi\n# This output is used by Xcode 'outputs' to avoid re-running this script phase.\necho \"SUCCESS\" > \"${SCRIPT_OUTPUT_FILE_0}\"\n";
			showEnvVarsInLog = 0;
		};
		9363B8962417FE9800267DE5 /* ShellScript */ = {
			isa = PBXShellScriptBuildPhase;
			buildActionMask = 2147483647;
			files = (
			);
			inputFileListPaths = (
			);
			inputPaths = (
			);
			outputFileListPaths = (
			);
			outputPaths = (
			);
			runOnlyForDeploymentPostprocessing = 0;
			shellPath = /bin/sh;
			shellScript = "${PODS_ROOT}/SwiftLint/swiftlint\n";
		};
		A6481BDD9026D3E56ADFA888 /* [CP] Embed Pods Frameworks */ = {
			isa = PBXShellScriptBuildPhase;
			buildActionMask = 2147483647;
			files = (
			);
			inputFileListPaths = (
				"${PODS_ROOT}/Target Support Files/Pods-NewProject/Pods-NewProject-frameworks-${CONFIGURATION}-input-files.xcfilelist",
			);
			name = "[CP] Embed Pods Frameworks";
			outputFileListPaths = (
				"${PODS_ROOT}/Target Support Files/Pods-NewProject/Pods-NewProject-frameworks-${CONFIGURATION}-output-files.xcfilelist",
			);
			runOnlyForDeploymentPostprocessing = 0;
			shellPath = /bin/sh;
			shellScript = "\"${PODS_ROOT}/Target Support Files/Pods-NewProject/Pods-NewProject-frameworks.sh\"\n";
			showEnvVarsInLog = 0;
		};
/* End PBXShellScriptBuildPhase section */

/* Begin PBXSourcesBuildPhase section */
		9363130323F93DA3004769EF /* Sources */ = {
			isa = PBXSourcesBuildPhase;
			buildActionMask = 2147483647;
			files = (
				93D0AC6823FC5C9D007751FC /* XibTableViewCell.swift in Sources */,
				93D0AC6523FC59B2007751FC /* CodeTableViewCell.swift in Sources */,
				93EE16BD23FEFFEE00C96D76 /* Validator.swift in Sources */,
				93C85665242DC9EC00F928D4 /* StudentsDataSource.swift in Sources */,
				93EE16BF23FF4FDF00C96D76 /* ProfileManager.swift in Sources */,
				93EEBAB0241A9E3200D2829D /* ProfileViewControllerThird.swift in Sources */,
				9363130F23F93DA3004769EF /* MyViewController.swift in Sources */,
				93DED7E5240140F600C0F456 /* Storage.swift in Sources */,
				9363131F23F94856004769EF /* WelcomeViewController.swift in Sources */,
				9363132123F94AAB004769EF /* ProfileViewController.swift in Sources */,
				93C8565F2427D8D400F928D4 /* CollectionViewController.swift in Sources */,
				93C856612427D9C800F928D4 /* CollectionViewCell.swift in Sources */,
				93EEBAAE241A9E1500D2829D /* ProfileViewControllerSecond.swift in Sources */,
				9363132323F97EA0004769EF /* ClassViewController.swift in Sources */,
				9363130B23F93DA3004769EF /* AppDelegate.swift in Sources */,
				9363132523FACF74004769EF /* Student.swift in Sources */,
				9363130D23F93DA3004769EF /* SceneDelegate.swift in Sources */,
			);
			runOnlyForDeploymentPostprocessing = 0;
		};
/* End PBXSourcesBuildPhase section */

/* Begin PBXVariantGroup section */
		9363131023F93DA3004769EF /* Main.storyboard */ = {
			isa = PBXVariantGroup;
			children = (
				9363131123F93DA3004769EF /* Base */,
			);
			name = Main.storyboard;
			sourceTree = "<group>";
		};
		9363131523F93DA5004769EF /* LaunchScreen.storyboard */ = {
			isa = PBXVariantGroup;
			children = (
				9363131623F93DA5004769EF /* Base */,
			);
			name = LaunchScreen.storyboard;
			sourceTree = "<group>";
		};
/* End PBXVariantGroup section */

/* Begin XCBuildConfiguration section */
		9363131923F93DA5004769EF /* Debug */ = {
			isa = XCBuildConfiguration;
			buildSettings = {
				ALWAYS_SEARCH_USER_PATHS = NO;
				CLANG_ANALYZER_NONNULL = YES;
				CLANG_ANALYZER_NUMBER_OBJECT_CONVERSION = YES_AGGRESSIVE;
				CLANG_CXX_LANGUAGE_STANDARD = "gnu++14";
				CLANG_CXX_LIBRARY = "libc++";
				CLANG_ENABLE_MODULES = YES;
				CLANG_ENABLE_OBJC_ARC = YES;
				CLANG_ENABLE_OBJC_WEAK = YES;
				CLANG_WARN_BLOCK_CAPTURE_AUTORELEASING = YES;
				CLANG_WARN_BOOL_CONVERSION = YES;
				CLANG_WARN_COMMA = YES;
				CLANG_WARN_CONSTANT_CONVERSION = YES;
				CLANG_WARN_DEPRECATED_OBJC_IMPLEMENTATIONS = YES;
				CLANG_WARN_DIRECT_OBJC_ISA_USAGE = YES_ERROR;
				CLANG_WARN_DOCUMENTATION_COMMENTS = YES;
				CLANG_WARN_EMPTY_BODY = YES;
				CLANG_WARN_ENUM_CONVERSION = YES;
				CLANG_WARN_INFINITE_RECURSION = YES;
				CLANG_WARN_INT_CONVERSION = YES;
				CLANG_WARN_NON_LITERAL_NULL_CONVERSION = YES;
				CLANG_WARN_OBJC_IMPLICIT_RETAIN_SELF = YES;
				CLANG_WARN_OBJC_LITERAL_CONVERSION = YES;
				CLANG_WARN_OBJC_ROOT_CLASS = YES_ERROR;
				CLANG_WARN_RANGE_LOOP_ANALYSIS = YES;
				CLANG_WARN_STRICT_PROTOTYPES = YES;
				CLANG_WARN_SUSPICIOUS_MOVE = YES;
				CLANG_WARN_UNGUARDED_AVAILABILITY = YES_AGGRESSIVE;
				CLANG_WARN_UNREACHABLE_CODE = YES;
				CLANG_WARN__DUPLICATE_METHOD_MATCH = YES;
				COPY_PHASE_STRIP = NO;
				DEBUG_INFORMATION_FORMAT = dwarf;
				ENABLE_STRICT_OBJC_MSGSEND = YES;
				ENABLE_TESTABILITY = YES;
				GCC_C_LANGUAGE_STANDARD = gnu11;
				GCC_DYNAMIC_NO_PIC = NO;
				GCC_NO_COMMON_BLOCKS = YES;
				GCC_OPTIMIZATION_LEVEL = 0;
				GCC_PREPROCESSOR_DEFINITIONS = (
					"DEBUG=1",
					"$(inherited)",
				);
				GCC_WARN_64_TO_32_BIT_CONVERSION = YES;
				GCC_WARN_ABOUT_RETURN_TYPE = YES_ERROR;
				GCC_WARN_UNDECLARED_SELECTOR = YES;
				GCC_WARN_UNINITIALIZED_AUTOS = YES_AGGRESSIVE;
				GCC_WARN_UNUSED_FUNCTION = YES;
				GCC_WARN_UNUSED_VARIABLE = YES;
				IPHONEOS_DEPLOYMENT_TARGET = 13.2;
				MTL_ENABLE_DEBUG_INFO = INCLUDE_SOURCE;
				MTL_FAST_MATH = YES;
				ONLY_ACTIVE_ARCH = YES;
				SDKROOT = iphoneos;
				SWIFT_ACTIVE_COMPILATION_CONDITIONS = DEBUG;
				SWIFT_OPTIMIZATION_LEVEL = "-Onone";
			};
			name = Debug;
		};
		9363131A23F93DA5004769EF /* Release */ = {
			isa = XCBuildConfiguration;
			buildSettings = {
				ALWAYS_SEARCH_USER_PATHS = NO;
				CLANG_ANALYZER_NONNULL = YES;
				CLANG_ANALYZER_NUMBER_OBJECT_CONVERSION = YES_AGGRESSIVE;
				CLANG_CXX_LANGUAGE_STANDARD = "gnu++14";
				CLANG_CXX_LIBRARY = "libc++";
				CLANG_ENABLE_MODULES = YES;
				CLANG_ENABLE_OBJC_ARC = YES;
				CLANG_ENABLE_OBJC_WEAK = YES;
				CLANG_WARN_BLOCK_CAPTURE_AUTORELEASING = YES;
				CLANG_WARN_BOOL_CONVERSION = YES;
				CLANG_WARN_COMMA = YES;
				CLANG_WARN_CONSTANT_CONVERSION = YES;
				CLANG_WARN_DEPRECATED_OBJC_IMPLEMENTATIONS = YES;
				CLANG_WARN_DIRECT_OBJC_ISA_USAGE = YES_ERROR;
				CLANG_WARN_DOCUMENTATION_COMMENTS = YES;
				CLANG_WARN_EMPTY_BODY = YES;
				CLANG_WARN_ENUM_CONVERSION = YES;
				CLANG_WARN_INFINITE_RECURSION = YES;
				CLANG_WARN_INT_CONVERSION = YES;
				CLANG_WARN_NON_LITERAL_NULL_CONVERSION = YES;
				CLANG_WARN_OBJC_IMPLICIT_RETAIN_SELF = YES;
				CLANG_WARN_OBJC_LITERAL_CONVERSION = YES;
				CLANG_WARN_OBJC_ROOT_CLASS = YES_ERROR;
				CLANG_WARN_RANGE_LOOP_ANALYSIS = YES;
				CLANG_WARN_STRICT_PROTOTYPES = YES;
				CLANG_WARN_SUSPICIOUS_MOVE = YES;
				CLANG_WARN_UNGUARDED_AVAILABILITY = YES_AGGRESSIVE;
				CLANG_WARN_UNREACHABLE_CODE = YES;
				CLANG_WARN__DUPLICATE_METHOD_MATCH = YES;
				COPY_PHASE_STRIP = NO;
				DEBUG_INFORMATION_FORMAT = "dwarf-with-dsym";
				ENABLE_NS_ASSERTIONS = NO;
				ENABLE_STRICT_OBJC_MSGSEND = YES;
				GCC_C_LANGUAGE_STANDARD = gnu11;
				GCC_NO_COMMON_BLOCKS = YES;
				GCC_WARN_64_TO_32_BIT_CONVERSION = YES;
				GCC_WARN_ABOUT_RETURN_TYPE = YES_ERROR;
				GCC_WARN_UNDECLARED_SELECTOR = YES;
				GCC_WARN_UNINITIALIZED_AUTOS = YES_AGGRESSIVE;
				GCC_WARN_UNUSED_FUNCTION = YES;
				GCC_WARN_UNUSED_VARIABLE = YES;
				IPHONEOS_DEPLOYMENT_TARGET = 13.2;
				MTL_ENABLE_DEBUG_INFO = NO;
				MTL_FAST_MATH = YES;
				SDKROOT = iphoneos;
				SWIFT_COMPILATION_MODE = wholemodule;
				SWIFT_OPTIMIZATION_LEVEL = "-O";
				VALIDATE_PRODUCT = YES;
			};
			name = Release;
		};
		9363131C23F93DA5004769EF /* Debug */ = {
			isa = XCBuildConfiguration;
			baseConfigurationReference = 60CB1194531C671D36260A4E /* Pods-NewProject.debug.xcconfig */;
			buildSettings = {
				ASSETCATALOG_COMPILER_APPICON_NAME = AppIcon;
				CODE_SIGN_STYLE = Automatic;
				DEVELOPMENT_TEAM = 7DWL845YFQ;
				INFOPLIST_FILE = NewProject/Info.plist;
				LD_RUNPATH_SEARCH_PATHS = (
					"$(inherited)",
					"@executable_path/Frameworks",
				);
				PRODUCT_BUNDLE_IDENTIFIER = ujin.NewProject;
				PRODUCT_NAME = "$(TARGET_NAME)";
				SWIFT_VERSION = 5.0;
				TARGETED_DEVICE_FAMILY = "1,2";
			};
			name = Debug;
		};
		9363131D23F93DA5004769EF /* Release */ = {
			isa = XCBuildConfiguration;
			baseConfigurationReference = 4BB075711437147E3832B0E2 /* Pods-NewProject.release.xcconfig */;
			buildSettings = {
				ASSETCATALOG_COMPILER_APPICON_NAME = AppIcon;
				CODE_SIGN_STYLE = Automatic;
				DEVELOPMENT_TEAM = 7DWL845YFQ;
				INFOPLIST_FILE = NewProject/Info.plist;
				LD_RUNPATH_SEARCH_PATHS = (
					"$(inherited)",
					"@executable_path/Frameworks",
				);
				PRODUCT_BUNDLE_IDENTIFIER = ujin.NewProject;
				PRODUCT_NAME = "$(TARGET_NAME)";
				SWIFT_VERSION = 5.0;
				TARGETED_DEVICE_FAMILY = "1,2";
			};
			name = Release;
		};
/* End XCBuildConfiguration section */

/* Begin XCConfigurationList section */
		9363130223F93DA2004769EF /* Build configuration list for PBXProject "NewProject" */ = {
			isa = XCConfigurationList;
			buildConfigurations = (
				9363131923F93DA5004769EF /* Debug */,
				9363131A23F93DA5004769EF /* Release */,
			);
			defaultConfigurationIsVisible = 0;
			defaultConfigurationName = Release;
		};
		9363131B23F93DA5004769EF /* Build configuration list for PBXNativeTarget "NewProject" */ = {
			isa = XCConfigurationList;
			buildConfigurations = (
				9363131C23F93DA5004769EF /* Debug */,
				9363131D23F93DA5004769EF /* Release */,
			);
			defaultConfigurationIsVisible = 0;
			defaultConfigurationName = Release;
		};
/* End XCConfigurationList section */
	};
	rootObject = 936312FF23F93DA2004769EF /* Project object */;
}
